// !$*UTF8*$!
{
	archiveVersion = 1;
	classes = {
	};
	objectVersion = 50;
	objects = {

/* Begin PBXBuildFile section */
		18576C0C228CEBAD000A2013 /* WebKit.framework in Frameworks */ = {isa = PBXBuildFile; fileRef = 18576C0B228CEBAD000A2013 /* WebKit.framework */; };
		18A3524E229B752D0079EF85 /* TestCustomColor.swift in Sources */ = {isa = PBXBuildFile; fileRef = 18A3524D229B752D0079EF85 /* TestCustomColor.swift */; };
		18F5A60F2293D26D00DB9743 /* TestNaviationBar.swift in Sources */ = {isa = PBXBuildFile; fileRef = 18F5A60E2293D26D00DB9743 /* TestNaviationBar.swift */; };
		18F5A6112293DD3E00DB9743 /* testScript.html in Resources */ = {isa = PBXBuildFile; fileRef = 18F5A6102293DD3E00DB9743 /* testScript.html */; };
		18FB7788228BC4DE00AC7D83 /* AppDelegate.swift in Sources */ = {isa = PBXBuildFile; fileRef = 18FB7787228BC4DE00AC7D83 /* AppDelegate.swift */; };
		18FB778A228BC4DE00AC7D83 /* ViewController.swift in Sources */ = {isa = PBXBuildFile; fileRef = 18FB7789228BC4DE00AC7D83 /* ViewController.swift */; };
		18FB778D228BC4DE00AC7D83 /* Main.storyboard in Resources */ = {isa = PBXBuildFile; fileRef = 18FB778B228BC4DE00AC7D83 /* Main.storyboard */; };
		18FB778F228BC4DF00AC7D83 /* Assets.xcassets in Resources */ = {isa = PBXBuildFile; fileRef = 18FB778E228BC4DF00AC7D83 /* Assets.xcassets */; };
		18FB7792228BC4DF00AC7D83 /* LaunchScreen.storyboard in Resources */ = {isa = PBXBuildFile; fileRef = 18FB7790228BC4DF00AC7D83 /* LaunchScreen.storyboard */; };
/* End PBXBuildFile section */

/* Begin PBXFileReference section */
		18576C0B228CEBAD000A2013 /* WebKit.framework */ = {isa = PBXFileReference; lastKnownFileType = wrapper.framework; name = WebKit.framework; path = System/Library/Frameworks/WebKit.framework; sourceTree = SDKROOT; };
		18A3524D229B752D0079EF85 /* TestCustomColor.swift */ = {isa = PBXFileReference; lastKnownFileType = sourcecode.swift; path = TestCustomColor.swift; sourceTree = "<group>"; };
		18F5A60E2293D26D00DB9743 /* TestNaviationBar.swift */ = {isa = PBXFileReference; lastKnownFileType = sourcecode.swift; path = TestNaviationBar.swift; sourceTree = "<group>"; };
		18F5A6102293DD3E00DB9743 /* testScript.html */ = {isa = PBXFileReference; fileEncoding = 4; lastKnownFileType = text.html; path = testScript.html; sourceTree = "<group>"; };
		18FB7784228BC4DE00AC7D83 /* Test.app */ = {isa = PBXFileReference; explicitFileType = wrapper.application; includeInIndex = 0; path = Test.app; sourceTree = BUILT_PRODUCTS_DIR; };
		18FB7787228BC4DE00AC7D83 /* AppDelegate.swift */ = {isa = PBXFileReference; lastKnownFileType = sourcecode.swift; path = AppDelegate.swift; sourceTree = "<group>"; };
		18FB7789228BC4DE00AC7D83 /* ViewController.swift */ = {isa = PBXFileReference; lastKnownFileType = sourcecode.swift; path = ViewController.swift; sourceTree = "<group>"; };
		18FB778C228BC4DE00AC7D83 /* Base */ = {isa = PBXFileReference; lastKnownFileType = file.storyboard; name = Base; path = Base.lproj/Main.storyboard; sourceTree = "<group>"; };
		18FB778E228BC4DF00AC7D83 /* Assets.xcassets */ = {isa = PBXFileReference; lastKnownFileType = folder.assetcatalog; path = Assets.xcassets; sourceTree = "<group>"; };
		18FB7791228BC4DF00AC7D83 /* Base */ = {isa = PBXFileReference; lastKnownFileType = file.storyboard; name = Base; path = Base.lproj/LaunchScreen.storyboard; sourceTree = "<group>"; };
		18FB7793228BC4DF00AC7D83 /* Info.plist */ = {isa = PBXFileReference; lastKnownFileType = text.plist.xml; path = Info.plist; sourceTree = "<group>"; };
/* End PBXFileReference section */

/* Begin PBXFrameworksBuildPhase section */
		18FB7781228BC4DE00AC7D83 /* Frameworks */ = {
			isa = PBXFrameworksBuildPhase;
			buildActionMask = 2147483647;
			files = (
				18576C0C228CEBAD000A2013 /* WebKit.framework in Frameworks */,
			);
			runOnlyForDeploymentPostprocessing = 0;
		};
/* End PBXFrameworksBuildPhase section */

/* Begin PBXGroup section */
		18576C0A228CEBAD000A2013 /* Frameworks */ = {
			isa = PBXGroup;
			children = (
				18576C0B228CEBAD000A2013 /* WebKit.framework */,
			);
			name = Frameworks;
			sourceTree = "<group>";
		};
		18FB777B228BC4DE00AC7D83 = {
			isa = PBXGroup;
			children = (
				18FB7786228BC4DE00AC7D83 /* Test */,
				18FB7785228BC4DE00AC7D83 /* Products */,
				18576C0A228CEBAD000A2013 /* Frameworks */,
			);
			sourceTree = "<group>";
		};
		18FB7785228BC4DE00AC7D83 /* Products */ = {
			isa = PBXGroup;
			children = (
				18FB7784228BC4DE00AC7D83 /* Test.app */,
			);
			name = Products;
			sourceTree = "<group>";
		};
		18FB7786228BC4DE00AC7D83 /* Test */ = {
			isa = PBXGroup;
			children = (
				18FB7787228BC4DE00AC7D83 /* AppDelegate.swift */,
				18F5A6102293DD3E00DB9743 /* testScript.html */,
				18A3524D229B752D0079EF85 /* TestCustomColor.swift */,
				18F5A60E2293D26D00DB9743 /* TestNaviationBar.swift */,
				18FB7789228BC4DE00AC7D83 /* ViewController.swift */,
				18FB778B228BC4DE00AC7D83 /* Main.storyboard */,
				18FB778E228BC4DF00AC7D83 /* Assets.xcassets */,
				18FB7790228BC4DF00AC7D83 /* LaunchScreen.storyboard */,
				18FB7793228BC4DF00AC7D83 /* Info.plist */,
			);
			path = Test;
			sourceTree = "<group>";
		};
/* End PBXGroup section */

/* Begin PBXNativeTarget section */
		18FB7783228BC4DE00AC7D83 /* Test */ = {
			isa = PBXNativeTarget;
			buildConfigurationList = 18FB7796228BC4DF00AC7D83 /* Build configuration list for PBXNativeTarget "Test" */;
			buildPhases = (
				18FB7780228BC4DE00AC7D83 /* Sources */,
				18FB7781228BC4DE00AC7D83 /* Frameworks */,
				18FB7782228BC4DE00AC7D83 /* Resources */,
			);
			buildRules = (
			);
			dependencies = (
			);
			name = Test;
			productName = Test;
			productReference = 18FB7784228BC4DE00AC7D83 /* Test.app */;
			productType = "com.apple.product-type.application";
		};
/* End PBXNativeTarget section */

/* Begin PBXProject section */
		18FB777C228BC4DE00AC7D83 /* Project object */ = {
			isa = PBXProject;
			attributes = {
				LastSwiftUpdateCheck = 1020;
				LastUpgradeCheck = 1020;
				ORGANIZATIONNAME = Apple;
				TargetAttributes = {
					18FB7783228BC4DE00AC7D83 = {
						CreatedOnToolsVersion = 10.2.1;
					};
				};
			};
			buildConfigurationList = 18FB777F228BC4DE00AC7D83 /* Build configuration list for PBXProject "Test" */;
			compatibilityVersion = "Xcode 9.3";
			developmentRegion = en;
			hasScannedForEncodings = 0;
			knownRegions = (
				en,
				Base,
			);
			mainGroup = 18FB777B228BC4DE00AC7D83;
			productRefGroup = 18FB7785228BC4DE00AC7D83 /* Products */;
			projectDirPath = "";
			projectRoot = "";
			targets = (
				18FB7783228BC4DE00AC7D83 /* Test */,
			);
		};
/* End PBXProject section */

/* Begin PBXResourcesBuildPhase section */
		18FB7782228BC4DE00AC7D83 /* Resources */ = {
			isa = PBXResourcesBuildPhase;
			buildActionMask = 2147483647;
			files = (
				18FB7792228BC4DF00AC7D83 /* LaunchScreen.storyboard in Resources */,
				18FB778F228BC4DF00AC7D83 /* Assets.xcassets in Resources */,
				18FB778D228BC4DE00AC7D83 /* Main.storyboard in Resources */,
				18F5A6112293DD3E00DB9743 /* testScript.html in Resources */,
			);
			runOnlyForDeploymentPostprocessing = 0;
		};
/* End PBXResourcesBuildPhase section */

/* Begin PBXSourcesBuildPhase section */
		18FB7780228BC4DE00AC7D83 /* Sources */ = {
			isa = PBXSourcesBuildPhase;
			buildActionMask = 2147483647;
			files = (
				18F5A60F2293D26D00DB9743 /* TestNaviationBar.swift in Sources */,
				18FB778A228BC4DE00AC7D83 /* ViewController.swift in Sources */,
				18A3524E229B752D0079EF85 /* TestCustomColor.swift in Sources */,
				18FB7788228BC4DE00AC7D83 /* AppDelegate.swift in Sources */,
			);
			runOnlyForDeploymentPostprocessing = 0;
		};
/* End PBXSourcesBuildPhase section */

/* Begin PBXVariantGroup section */
		18FB778B228BC4DE00AC7D83 /* Main.storyboard */ = {
			isa = PBXVariantGroup;
			children = (
				18FB778C228BC4DE00AC7D83 /* Base */,
			);
			name = Main.storyboard;
			sourceTree = "<group>";
		};
		18FB7790228BC4DF00AC7D83 /* LaunchScreen.storyboard */ = {
			isa = PBXVariantGroup;
			children = (
				18FB7791228BC4DF00AC7D83 /* Base */,
			);
			name = LaunchScreen.storyboard;
			sourceTree = "<group>";
		};
/* End PBXVariantGroup section */

/* Begin XCBuildConfiguration section */
		18FB7794228BC4DF00AC7D83 /* Debug */ = {
			isa = XCBuildConfiguration;
			buildSettings = {
				ALWAYS_SEARCH_USER_PATHS = NO;
				CLANG_ANALYZER_NONNULL = YES;
				CLANG_ANALYZER_NUMBER_OBJECT_CONVERSION = YES_AGGRESSIVE;
				CLANG_CXX_LANGUAGE_STANDARD = "gnu++14";
				CLANG_CXX_LIBRARY = "libc++";
				CLANG_ENABLE_MODULES = YES;
				CLANG_ENABLE_OBJC_ARC = YES;
				CLANG_ENABLE_OBJC_WEAK = YES;
				CLANG_WARN_BLOCK_CAPTURE_AUTORELEASING = YES;
				CLANG_WARN_BOOL_CONVERSION = YES;
				CLANG_WARN_COMMA = YES;
				CLANG_WARN_CONSTANT_CONVERSION = YES;
				CLANG_WARN_DEPRECATED_OBJC_IMPLEMENTATIONS = YES;
				CLANG_WARN_DIRECT_OBJC_ISA_USAGE = YES_ERROR;
				CLANG_WARN_DOCUMENTATION_COMMENTS = YES;
				CLANG_WARN_EMPTY_BODY = YES;
				CLANG_WARN_ENUM_CONVERSION = YES;
				CLANG_WARN_INFINITE_RECURSION = YES;
				CLANG_WARN_INT_CONVERSION = YES;
				CLANG_WARN_NON_LITERAL_NULL_CONVERSION = YES;
				CLANG_WARN_OBJC_IMPLICIT_RETAIN_SELF = YES;
				CLANG_WARN_OBJC_LITERAL_CONVERSION = YES;
				CLANG_WARN_OBJC_ROOT_CLASS = YES_ERROR;
				CLANG_WARN_RANGE_LOOP_ANALYSIS = YES;
				CLANG_WARN_STRICT_PROTOTYPES = YES;
				CLANG_WARN_SUSPICIOUS_MOVE = YES;
				CLANG_WARN_UNGUARDED_AVAILABILITY = YES_AGGRESSIVE;
				CLANG_WARN_UNREACHABLE_CODE = YES;
				CLANG_WARN__DUPLICATE_METHOD_MATCH = YES;
				CODE_SIGN_IDENTITY = "iPhone Developer";
				COPY_PHASE_STRIP = NO;
				DEBUG_INFORMATION_FORMAT = dwarf;
				ENABLE_STRICT_OBJC_MSGSEND = YES;
				ENABLE_TESTABILITY = YES;
				GCC_C_LANGUAGE_STANDARD = gnu11;
				GCC_DYNAMIC_NO_PIC = NO;
				GCC_NO_COMMON_BLOCKS = YES;
				GCC_OPTIMIZATION_LEVEL = 0;
				GCC_PREPROCESSOR_DEFINITIONS = (
					"DEBUG=1",
					"$(inherited)",
				);
				GCC_WARN_64_TO_32_BIT_CONVERSION = YES;
				GCC_WARN_ABOUT_RETURN_TYPE = YES_ERROR;
				GCC_WARN_UNDECLARED_SELECTOR = YES;
				GCC_WARN_UNINITIALIZED_AUTOS = YES_AGGRESSIVE;
				GCC_WARN_UNUSED_FUNCTION = YES;
				GCC_WARN_UNUSED_VARIABLE = YES;
				IPHONEOS_DEPLOYMENT_TARGET = 12.2;
				MTL_ENABLE_DEBUG_INFO = INCLUDE_SOURCE;
				MTL_FAST_MATH = YES;
				ONLY_ACTIVE_ARCH = YES;
				SDKROOT = iphoneos;
				SWIFT_ACTIVE_COMPILATION_CONDITIONS = DEBUG;
				SWIFT_OPTIMIZATION_LEVEL = "-Onone";
			};
			name = Debug;
		};
		18FB7795228BC4DF00AC7D83 /* Release */ = {
			isa = XCBuildConfiguration;
			buildSettings = {
				ALWAYS_SEARCH_USER_PATHS = NO;
				CLANG_ANALYZER_NONNULL = YES;
				CLANG_ANALYZER_NUMBER_OBJECT_CONVERSION = YES_AGGRESSIVE;
				CLANG_CXX_LANGUAGE_STANDARD = "gnu++14";
				CLANG_CXX_LIBRARY = "libc++";
				CLANG_ENABLE_MODULES = YES;
				CLANG_ENABLE_OBJC_ARC = YES;
				CLANG_ENABLE_OBJC_WEAK = YES;
				CLANG_WARN_BLOCK_CAPTURE_AUTORELEASING = YES;
				CLANG_WARN_BOOL_CONVERSION = YES;
				CLANG_WARN_COMMA = YES;
				CLANG_WARN_CONSTANT_CONVERSION = YES;
				CLANG_WARN_DEPRECATED_OBJC_IMPLEMENTATIONS = YES;
				CLANG_WARN_DIRECT_OBJC_ISA_USAGE = YES_ERROR;
				CLANG_WARN_DOCUMENTATION_COMMENTS = YES;
				CLANG_WARN_EMPTY_BODY = YES;
				CLANG_WARN_ENUM_CONVERSION = YES;
				CLANG_WARN_INFINITE_RECURSION = YES;
				CLANG_WARN_INT_CONVERSION = YES;
				CLANG_WARN_NON_LITERAL_NULL_CONVERSION = YES;
				CLANG_WARN_OBJC_IMPLICIT_RETAIN_SELF = YES;
				CLANG_WARN_OBJC_LITERAL_CONVERSION = YES;
				CLANG_WARN_OBJC_ROOT_CLASS = YES_ERROR;
				CLANG_WARN_RANGE_LOOP_ANALYSIS = YES;
				CLANG_WARN_STRICT_PROTOTYPES = YES;
				CLANG_WARN_SUSPICIOUS_MOVE = YES;
				CLANG_WARN_UNGUARDED_AVAILABILITY = YES_AGGRESSIVE;
				CLANG_WARN_UNREACHABLE_CODE = YES;
				CLANG_WARN__DUPLICATE_METHOD_MATCH = YES;
				CODE_SIGN_IDENTITY = "iPhone Developer";
				COPY_PHASE_STRIP = NO;
				DEBUG_INFORMATION_FORMAT = "dwarf-with-dsym";
				ENABLE_NS_ASSERTIONS = NO;
				ENABLE_STRICT_OBJC_MSGSEND = YES;
				GCC_C_LANGUAGE_STANDARD = gnu11;
				GCC_NO_COMMON_BLOCKS = YES;
				GCC_WARN_64_TO_32_BIT_CONVERSION = YES;
				GCC_WARN_ABOUT_RETURN_TYPE = YES_ERROR;
				GCC_WARN_UNDECLARED_SELECTOR = YES;
				GCC_WARN_UNINITIALIZED_AUTOS = YES_AGGRESSIVE;
				GCC_WARN_UNUSED_FUNCTION = YES;
				GCC_WARN_UNUSED_VARIABLE = YES;
				IPHONEOS_DEPLOYMENT_TARGET = 12.2;
				MTL_ENABLE_DEBUG_INFO = NO;
				MTL_FAST_MATH = YES;
				SDKROOT = iphoneos;
				SWIFT_COMPILATION_MODE = wholemodule;
				SWIFT_OPTIMIZATION_LEVEL = "-O";
				VALIDATE_PRODUCT = YES;
			};
			name = Release;
		};
		18FB7797228BC4DF00AC7D83 /* Debug */ = {
			isa = XCBuildConfiguration;
			buildSettings = {
				ASSETCATALOG_COMPILER_APPICON_NAME = AppIcon;
				CODE_SIGN_STYLE = Automatic;
				DEVELOPMENT_TEAM = 998JBL655H;
				INFOPLIST_FILE = Test/Info.plist;
				LD_RUNPATH_SEARCH_PATHS = (
					"$(inherited)",
					"@executable_path/Frameworks",
				);
				PRODUCT_BUNDLE_IDENTIFIER = com.applecorner.Test;
				PRODUCT_NAME = "$(TARGET_NAME)";
				SWIFT_VERSION = 5.0;
				TARGETED_DEVICE_FAMILY = "1,2";
			};
			name = Debug;
		};
		18FB7798228BC4DF00AC7D83 /* Release */ = {
			isa = XCBuildConfiguration;
			buildSettings = {
				ASSETCATALOG_COMPILER_APPICON_NAME = AppIcon;
				CODE_SIGN_STYLE = Automatic;
				DEVELOPMENT_TEAM = 998JBL655H;
				INFOPLIST_FILE = Test/Info.plist;
				LD_RUNPATH_SEARCH_PATHS = (
					"$(inherited)",
					"@executable_path/Frameworks",
				);
				PRODUCT_BUNDLE_IDENTIFIER = com.applecorner.Test;
				PRODUCT_NAME = "$(TARGET_NAME)";
				SWIFT_VERSION = 5.0;
				TARGETED_DEVICE_FAMILY = "1,2";
			};
			name = Release;
		};
/* End XCBuildConfiguration section */

/* Begin XCConfigurationList section */
		18FB777F228BC4DE00AC7D83 /* Build configuration list for PBXProject "Test" */ = {
			isa = XCConfigurationList;
			buildConfigurations = (
				18FB7794228BC4DF00AC7D83 /* Debug */,
				18FB7795228BC4DF00AC7D83 /* Release */,
			);
			defaultConfigurationIsVisible = 0;
			defaultConfigurationName = Release;
		};
		18FB7796228BC4DF00AC7D83 /* Build configuration list for PBXNativeTarget "Test" */ = {
			isa = XCConfigurationList;
			buildConfigurations = (
				18FB7797228BC4DF00AC7D83 /* Debug */,
				18FB7798228BC4DF00AC7D83 /* Release */,
			);
			defaultConfigurationIsVisible = 0;
			defaultConfigurationName = Release;
		};
/* End XCConfigurationList section */
	};
	rootObject = 18FB777C228BC4DE00AC7D83 /* Project object */;
}
